// !$*UTF8*$!
{
	archiveVersion = 1;
	classes = {
	};
	objectVersion = 56;
	objects = {

/* Begin PBXBuildFile section */
		9804945A2B00EA03008639CD /* Constants.swift in Sources */ = {isa = PBXBuildFile; fileRef = 980494592B00EA03008639CD /* Constants.swift */; };
		984C5F692A73E87500A2E939 /* AppDelegate.swift in Sources */ = {isa = PBXBuildFile; fileRef = 984C5F682A73E87500A2E939 /* AppDelegate.swift */; };
		984C5F6B2A73E87500A2E939 /* SceneDelegate.swift in Sources */ = {isa = PBXBuildFile; fileRef = 984C5F6A2A73E87500A2E939 /* SceneDelegate.swift */; };
		984C5F6D2A73E87500A2E939 /* ImagesListViewController.swift in Sources */ = {isa = PBXBuildFile; fileRef = 984C5F6C2A73E87500A2E939 /* ImagesListViewController.swift */; };
		984C5F702A73E87500A2E939 /* Main.storyboard in Resources */ = {isa = PBXBuildFile; fileRef = 984C5F6E2A73E87500A2E939 /* Main.storyboard */; };
		984C5F722A73E87700A2E939 /* Assets.xcassets in Resources */ = {isa = PBXBuildFile; fileRef = 984C5F712A73E87700A2E939 /* Assets.xcassets */; };
		984C5F752A73E87700A2E939 /* LaunchScreen.storyboard in Resources */ = {isa = PBXBuildFile; fileRef = 984C5F732A73E87700A2E939 /* LaunchScreen.storyboard */; };
		984C5FBF2A754A3D00A2E939 /* ImagesListCell.swift in Sources */ = {isa = PBXBuildFile; fileRef = 984C5FBE2A754A3D00A2E939 /* ImagesListCell.swift */; };
		984C8EEC2AA3C64F0029EEC7 /* ProfileViewController.swift in Sources */ = {isa = PBXBuildFile; fileRef = 984C8EEB2AA3C64F0029EEC7 /* ProfileViewController.swift */; };
		984C8EEE2AA639740029EEC7 /* SingleImageViewController.swift in Sources */ = {isa = PBXBuildFile; fileRef = 984C8EED2AA639740029EEC7 /* SingleImageViewController.swift */; };
		98CBDA542B712DF900963C0C /* SplashViewController.swift in Sources */ = {isa = PBXBuildFile; fileRef = 98CBDA532B712DF900963C0C /* SplashViewController.swift */; };
		98F564332B6D040600F90A6A /* OauthTokenResponseBody.swift in Sources */ = {isa = PBXBuildFile; fileRef = 98F564322B6D040600F90A6A /* OauthTokenResponseBody.swift */; };
		98F564352B6D063A00F90A6A /* OAuth2Service.swift in Sources */ = {isa = PBXBuildFile; fileRef = 98F564342B6D063A00F90A6A /* OAuth2Service.swift */; };
		98F564372B6D2ED800F90A6A /* Oauth2TokenStorage.swift in Sources */ = {isa = PBXBuildFile; fileRef = 98F564362B6D2ED800F90A6A /* Oauth2TokenStorage.swift */; };
		98F8457F2B08B92E00CA1976 /* WebViewViewController.swift in Sources */ = {isa = PBXBuildFile; fileRef = 98F8457E2B08B92E00CA1976 /* WebViewViewController.swift */; };
		98F845812B08BA3400CA1976 /* AuthViewController.swift in Sources */ = {isa = PBXBuildFile; fileRef = 98F845802B08BA3400CA1976 /* AuthViewController.swift */; };
		98FD6E3B2B77616200CE33AC /* URLRequest+Extensions.swift in Sources */ = {isa = PBXBuildFile; fileRef = 98FD6E3A2B77616200CE33AC /* URLRequest+Extensions.swift */; };
/* End PBXBuildFile section */

/* Begin PBXFileReference section */
		980494592B00EA03008639CD /* Constants.swift */ = {isa = PBXFileReference; lastKnownFileType = sourcecode.swift; path = Constants.swift; sourceTree = "<group>"; };
		984C5F652A73E87500A2E939 /* ImageFeed.app */ = {isa = PBXFileReference; explicitFileType = wrapper.application; includeInIndex = 0; path = ImageFeed.app; sourceTree = BUILT_PRODUCTS_DIR; };
		984C5F682A73E87500A2E939 /* AppDelegate.swift */ = {isa = PBXFileReference; lastKnownFileType = sourcecode.swift; path = AppDelegate.swift; sourceTree = "<group>"; };
		984C5F6A2A73E87500A2E939 /* SceneDelegate.swift */ = {isa = PBXFileReference; lastKnownFileType = sourcecode.swift; path = SceneDelegate.swift; sourceTree = "<group>"; };
		984C5F6C2A73E87500A2E939 /* ImagesListViewController.swift */ = {isa = PBXFileReference; lastKnownFileType = sourcecode.swift; path = ImagesListViewController.swift; sourceTree = "<group>"; };
		984C5F6F2A73E87500A2E939 /* Base */ = {isa = PBXFileReference; lastKnownFileType = file.storyboard; name = Base; path = Base.lproj/Main.storyboard; sourceTree = "<group>"; };
		984C5F712A73E87700A2E939 /* Assets.xcassets */ = {isa = PBXFileReference; lastKnownFileType = folder.assetcatalog; path = Assets.xcassets; sourceTree = "<group>"; };
		984C5F742A73E87700A2E939 /* Base */ = {isa = PBXFileReference; lastKnownFileType = file.storyboard; name = Base; path = Base.lproj/LaunchScreen.storyboard; sourceTree = "<group>"; };
		984C5F762A73E87700A2E939 /* Info.plist */ = {isa = PBXFileReference; lastKnownFileType = text.plist.xml; path = Info.plist; sourceTree = "<group>"; };
		984C5FBE2A754A3D00A2E939 /* ImagesListCell.swift */ = {isa = PBXFileReference; lastKnownFileType = sourcecode.swift; path = ImagesListCell.swift; sourceTree = "<group>"; };
		984C8EEB2AA3C64F0029EEC7 /* ProfileViewController.swift */ = {isa = PBXFileReference; lastKnownFileType = sourcecode.swift; path = ProfileViewController.swift; sourceTree = "<group>"; };
		984C8EED2AA639740029EEC7 /* SingleImageViewController.swift */ = {isa = PBXFileReference; lastKnownFileType = sourcecode.swift; path = SingleImageViewController.swift; sourceTree = "<group>"; };
		98CBDA532B712DF900963C0C /* SplashViewController.swift */ = {isa = PBXFileReference; lastKnownFileType = sourcecode.swift; path = SplashViewController.swift; sourceTree = "<group>"; };
		98F564322B6D040600F90A6A /* OauthTokenResponseBody.swift */ = {isa = PBXFileReference; lastKnownFileType = sourcecode.swift; path = OauthTokenResponseBody.swift; sourceTree = "<group>"; };
		98F564342B6D063A00F90A6A /* OAuth2Service.swift */ = {isa = PBXFileReference; lastKnownFileType = sourcecode.swift; path = OAuth2Service.swift; sourceTree = "<group>"; };
		98F564362B6D2ED800F90A6A /* Oauth2TokenStorage.swift */ = {isa = PBXFileReference; lastKnownFileType = sourcecode.swift; path = Oauth2TokenStorage.swift; sourceTree = "<group>"; };
		98F8457E2B08B92E00CA1976 /* WebViewViewController.swift */ = {isa = PBXFileReference; lastKnownFileType = sourcecode.swift; path = WebViewViewController.swift; sourceTree = "<group>"; };
		98F845802B08BA3400CA1976 /* AuthViewController.swift */ = {isa = PBXFileReference; lastKnownFileType = sourcecode.swift; path = AuthViewController.swift; sourceTree = "<group>"; };
		98FD6E3A2B77616200CE33AC /* URLRequest+Extensions.swift */ = {isa = PBXFileReference; lastKnownFileType = sourcecode.swift; path = "URLRequest+Extensions.swift"; sourceTree = "<group>"; };
/* End PBXFileReference section */

/* Begin PBXFrameworksBuildPhase section */
		984C5F622A73E87500A2E939 /* Frameworks */ = {
			isa = PBXFrameworksBuildPhase;
			buildActionMask = 2147483647;
			files = (
			);
			runOnlyForDeploymentPostprocessing = 0;
		};
/* End PBXFrameworksBuildPhase section */

/* Begin PBXGroup section */
		984C5F5C2A73E87500A2E939 = {
			isa = PBXGroup;
			children = (
				984C5F672A73E87500A2E939 /* ImageFeed */,
				984C5F662A73E87500A2E939 /* Products */,
			);
			sourceTree = "<group>";
		};
		984C5F662A73E87500A2E939 /* Products */ = {
			isa = PBXGroup;
			children = (
				984C5F652A73E87500A2E939 /* ImageFeed.app */,
			);
			name = Products;
			sourceTree = "<group>";
		};
		984C5F672A73E87500A2E939 /* ImageFeed */ = {
			isa = PBXGroup;
			children = (
				98CBDA532B712DF900963C0C /* SplashViewController.swift */,
				98FD6E3A2B77616200CE33AC /* URLRequest+Extensions.swift */,
				980494592B00EA03008639CD /* Constants.swift */,
				98F845862B08D54C00CA1976 /* SingleImageView */,
				98F845852B08D51100CA1976 /* Profile */,
				98F845842B08D4A600CA1976 /* ImagesLIst */,
				98F8457D2B08B91400CA1976 /* Auth */,
				984C5F682A73E87500A2E939 /* AppDelegate.swift */,
				984C5F6A2A73E87500A2E939 /* SceneDelegate.swift */,
				984C5F6E2A73E87500A2E939 /* Main.storyboard */,
				984C5F712A73E87700A2E939 /* Assets.xcassets */,
				984C5F732A73E87700A2E939 /* LaunchScreen.storyboard */,
				984C5F762A73E87700A2E939 /* Info.plist */,
			);
			path = ImageFeed;
			sourceTree = "<group>";
		};
		98F8457D2B08B91400CA1976 /* Auth */ = {
			isa = PBXGroup;
			children = (
				98F8457E2B08B92E00CA1976 /* WebViewViewController.swift */,
				98F845802B08BA3400CA1976 /* AuthViewController.swift */,
				98F564362B6D2ED800F90A6A /* Oauth2TokenStorage.swift */,
				98F564322B6D040600F90A6A /* OauthTokenResponseBody.swift */,
				98F564342B6D063A00F90A6A /* OAuth2Service.swift */,
			);
			path = Auth;
			sourceTree = "<group>";
		};
		98F845842B08D4A600CA1976 /* ImagesLIst */ = {
			isa = PBXGroup;
			children = (
				984C5F6C2A73E87500A2E939 /* ImagesListViewController.swift */,
				984C5FBE2A754A3D00A2E939 /* ImagesListCell.swift */,
			);
			path = ImagesLIst;
			sourceTree = "<group>";
		};
		98F845852B08D51100CA1976 /* Profile */ = {
			isa = PBXGroup;
			children = (
				984C8EEB2AA3C64F0029EEC7 /* ProfileViewController.swift */,
			);
			path = Profile;
			sourceTree = "<group>";
		};
		98F845862B08D54C00CA1976 /* SingleImageView */ = {
			isa = PBXGroup;
			children = (
				984C8EED2AA639740029EEC7 /* SingleImageViewController.swift */,
			);
			path = SingleImageView;
			sourceTree = "<group>";
		};
/* End PBXGroup section */

/* Begin PBXNativeTarget section */
		984C5F642A73E87500A2E939 /* ImageFeed */ = {
			isa = PBXNativeTarget;
			buildConfigurationList = 984C5F792A73E87700A2E939 /* Build configuration list for PBXNativeTarget "ImageFeed" */;
			buildPhases = (
				984C5F612A73E87500A2E939 /* Sources */,
				984C5F622A73E87500A2E939 /* Frameworks */,
				984C5F632A73E87500A2E939 /* Resources */,
			);
			buildRules = (
			);
			dependencies = (
			);
			name = ImageFeed;
			productName = ImageFeed;
			productReference = 984C5F652A73E87500A2E939 /* ImageFeed.app */;
			productType = "com.apple.product-type.application";
		};
/* End PBXNativeTarget section */

/* Begin PBXProject section */
		984C5F5D2A73E87500A2E939 /* Project object */ = {
			isa = PBXProject;
			attributes = {
				BuildIndependentTargetsInParallel = 1;
				LastSwiftUpdateCheck = 1430;
				LastUpgradeCheck = 1520;
				TargetAttributes = {
					984C5F642A73E87500A2E939 = {
						CreatedOnToolsVersion = 14.3.1;
					};
				};
			};
			buildConfigurationList = 984C5F602A73E87500A2E939 /* Build configuration list for PBXProject "ImageFeed" */;
			compatibilityVersion = "Xcode 14.0";
			developmentRegion = en;
			hasScannedForEncodings = 0;
			knownRegions = (
				en,
				Base,
			);
			mainGroup = 984C5F5C2A73E87500A2E939;
			productRefGroup = 984C5F662A73E87500A2E939 /* Products */;
			projectDirPath = "";
			projectRoot = "";
			targets = (
				984C5F642A73E87500A2E939 /* ImageFeed */,
			);
		};
/* End PBXProject section */

/* Begin PBXResourcesBuildPhase section */
		984C5F632A73E87500A2E939 /* Resources */ = {
			isa = PBXResourcesBuildPhase;
			buildActionMask = 2147483647;
			files = (
				984C5F752A73E87700A2E939 /* LaunchScreen.storyboard in Resources */,
				984C5F722A73E87700A2E939 /* Assets.xcassets in Resources */,
				984C5F702A73E87500A2E939 /* Main.storyboard in Resources */,
			);
			runOnlyForDeploymentPostprocessing = 0;
		};
/* End PBXResourcesBuildPhase section */

/* Begin PBXSourcesBuildPhase section */
		984C5F612A73E87500A2E939 /* Sources */ = {
			isa = PBXSourcesBuildPhase;
			buildActionMask = 2147483647;
			files = (
				98F564372B6D2ED800F90A6A /* Oauth2TokenStorage.swift in Sources */,
				984C5F6D2A73E87500A2E939 /* ImagesListViewController.swift in Sources */,
				984C5FBF2A754A3D00A2E939 /* ImagesListCell.swift in Sources */,
				98F564332B6D040600F90A6A /* OauthTokenResponseBody.swift in Sources */,
				984C8EEC2AA3C64F0029EEC7 /* ProfileViewController.swift in Sources */,
				98F564352B6D063A00F90A6A /* OAuth2Service.swift in Sources */,
				98CBDA542B712DF900963C0C /* SplashViewController.swift in Sources */,
				984C5F692A73E87500A2E939 /* AppDelegate.swift in Sources */,
				9804945A2B00EA03008639CD /* Constants.swift in Sources */,
				984C8EEE2AA639740029EEC7 /* SingleImageViewController.swift in Sources */,
				98F8457F2B08B92E00CA1976 /* WebViewViewController.swift in Sources */,
				98FD6E3B2B77616200CE33AC /* URLRequest+Extensions.swift in Sources */,
				98F845812B08BA3400CA1976 /* AuthViewController.swift in Sources */,
				984C5F6B2A73E87500A2E939 /* SceneDelegate.swift in Sources */,
			);
			runOnlyForDeploymentPostprocessing = 0;
		};
/* End PBXSourcesBuildPhase section */

/* Begin PBXVariantGroup section */
		984C5F6E2A73E87500A2E939 /* Main.storyboard */ = {
			isa = PBXVariantGroup;
			children = (
				984C5F6F2A73E87500A2E939 /* Base */,
			);
			name = Main.storyboard;
			sourceTree = "<group>";
		};
		984C5F732A73E87700A2E939 /* LaunchScreen.storyboard */ = {
			isa = PBXVariantGroup;
			children = (
				984C5F742A73E87700A2E939 /* Base */,
			);
			name = LaunchScreen.storyboard;
			sourceTree = "<group>";
		};
/* End PBXVariantGroup section */

/* Begin XCBuildConfiguration section */
		984C5F772A73E87700A2E939 /* Debug */ = {
			isa = XCBuildConfiguration;
			buildSettings = {
				ALWAYS_SEARCH_USER_PATHS = NO;
				CLANG_ANALYZER_NONNULL = YES;
				CLANG_ANALYZER_NUMBER_OBJECT_CONVERSION = YES_AGGRESSIVE;
				CLANG_CXX_LANGUAGE_STANDARD = "gnu++20";
				CLANG_ENABLE_MODULES = YES;
				CLANG_ENABLE_OBJC_ARC = YES;
				CLANG_ENABLE_OBJC_WEAK = YES;
				CLANG_WARN_BLOCK_CAPTURE_AUTORELEASING = YES;
				CLANG_WARN_BOOL_CONVERSION = YES;
				CLANG_WARN_COMMA = YES;
				CLANG_WARN_CONSTANT_CONVERSION = YES;
				CLANG_WARN_DEPRECATED_OBJC_IMPLEMENTATIONS = YES;
				CLANG_WARN_DIRECT_OBJC_ISA_USAGE = YES_ERROR;
				CLANG_WARN_DOCUMENTATION_COMMENTS = YES;
				CLANG_WARN_EMPTY_BODY = YES;
				CLANG_WARN_ENUM_CONVERSION = YES;
				CLANG_WARN_INFINITE_RECURSION = YES;
				CLANG_WARN_INT_CONVERSION = YES;
				CLANG_WARN_NON_LITERAL_NULL_CONVERSION = YES;
				CLANG_WARN_OBJC_IMPLICIT_RETAIN_SELF = YES;
				CLANG_WARN_OBJC_LITERAL_CONVERSION = YES;
				CLANG_WARN_OBJC_ROOT_CLASS = YES_ERROR;
				CLANG_WARN_QUOTED_INCLUDE_IN_FRAMEWORK_HEADER = YES;
				CLANG_WARN_RANGE_LOOP_ANALYSIS = YES;
				CLANG_WARN_STRICT_PROTOTYPES = YES;
				CLANG_WARN_SUSPICIOUS_MOVE = YES;
				CLANG_WARN_UNGUARDED_AVAILABILITY = YES_AGGRESSIVE;
				CLANG_WARN_UNREACHABLE_CODE = YES;
				CLANG_WARN__DUPLICATE_METHOD_MATCH = YES;
				COPY_PHASE_STRIP = NO;
				DEBUG_INFORMATION_FORMAT = dwarf;
				ENABLE_STRICT_OBJC_MSGSEND = YES;
				ENABLE_TESTABILITY = YES;
				ENABLE_USER_SCRIPT_SANDBOXING = YES;
				GCC_C_LANGUAGE_STANDARD = gnu11;
				GCC_DYNAMIC_NO_PIC = NO;
				GCC_NO_COMMON_BLOCKS = YES;
				GCC_OPTIMIZATION_LEVEL = 0;
				GCC_PREPROCESSOR_DEFINITIONS = (
					"DEBUG=1",
					"$(inherited)",
				);
				GCC_WARN_64_TO_32_BIT_CONVERSION = YES;
				GCC_WARN_ABOUT_RETURN_TYPE = YES_ERROR;
				GCC_WARN_UNDECLARED_SELECTOR = YES;
				GCC_WARN_UNINITIALIZED_AUTOS = YES_AGGRESSIVE;
				GCC_WARN_UNUSED_FUNCTION = YES;
				GCC_WARN_UNUSED_VARIABLE = YES;
				IPHONEOS_DEPLOYMENT_TARGET = 16.4;
				MTL_ENABLE_DEBUG_INFO = INCLUDE_SOURCE;
				MTL_FAST_MATH = YES;
				ONLY_ACTIVE_ARCH = YES;
				SDKROOT = iphoneos;
				SWIFT_ACTIVE_COMPILATION_CONDITIONS = DEBUG;
				SWIFT_OPTIMIZATION_LEVEL = "-Onone";
			};
			name = Debug;
		};
		984C5F782A73E87700A2E939 /* Release */ = {
			isa = XCBuildConfiguration;
			buildSettings = {
				ALWAYS_SEARCH_USER_PATHS = NO;
				CLANG_ANALYZER_NONNULL = YES;
				CLANG_ANALYZER_NUMBER_OBJECT_CONVERSION = YES_AGGRESSIVE;
				CLANG_CXX_LANGUAGE_STANDARD = "gnu++20";
				CLANG_ENABLE_MODULES = YES;
				CLANG_ENABLE_OBJC_ARC = YES;
				CLANG_ENABLE_OBJC_WEAK = YES;
				CLANG_WARN_BLOCK_CAPTURE_AUTORELEASING = YES;
				CLANG_WARN_BOOL_CONVERSION = YES;
				CLANG_WARN_COMMA = YES;
				CLANG_WARN_CONSTANT_CONVERSION = YES;
				CLANG_WARN_DEPRECATED_OBJC_IMPLEMENTATIONS = YES;
				CLANG_WARN_DIRECT_OBJC_ISA_USAGE = YES_ERROR;
				CLANG_WARN_DOCUMENTATION_COMMENTS = YES;
				CLANG_WARN_EMPTY_BODY = YES;
				CLANG_WARN_ENUM_CONVERSION = YES;
				CLANG_WARN_INFINITE_RECURSION = YES;
				CLANG_WARN_INT_CONVERSION = YES;
				CLANG_WARN_NON_LITERAL_NULL_CONVERSION = YES;
				CLANG_WARN_OBJC_IMPLICIT_RETAIN_SELF = YES;
				CLANG_WARN_OBJC_LITERAL_CONVERSION = YES;
				CLANG_WARN_OBJC_ROOT_CLASS = YES_ERROR;
				CLANG_WARN_QUOTED_INCLUDE_IN_FRAMEWORK_HEADER = YES;
				CLANG_WARN_RANGE_LOOP_ANALYSIS = YES;
				CLANG_WARN_STRICT_PROTOTYPES = YES;
				CLANG_WARN_SUSPICIOUS_MOVE = YES;
				CLANG_WARN_UNGUARDED_AVAILABILITY = YES_AGGRESSIVE;
				CLANG_WARN_UNREACHABLE_CODE = YES;
				CLANG_WARN__DUPLICATE_METHOD_MATCH = YES;
				COPY_PHASE_STRIP = NO;
				DEBUG_INFORMATION_FORMAT = "dwarf-with-dsym";
				ENABLE_NS_ASSERTIONS = NO;
				ENABLE_STRICT_OBJC_MSGSEND = YES;
				ENABLE_USER_SCRIPT_SANDBOXING = YES;
				GCC_C_LANGUAGE_STANDARD = gnu11;
				GCC_NO_COMMON_BLOCKS = YES;
				GCC_WARN_64_TO_32_BIT_CONVERSION = YES;
				GCC_WARN_ABOUT_RETURN_TYPE = YES_ERROR;
				GCC_WARN_UNDECLARED_SELECTOR = YES;
				GCC_WARN_UNINITIALIZED_AUTOS = YES_AGGRESSIVE;
				GCC_WARN_UNUSED_FUNCTION = YES;
				GCC_WARN_UNUSED_VARIABLE = YES;
				IPHONEOS_DEPLOYMENT_TARGET = 16.4;
				MTL_ENABLE_DEBUG_INFO = NO;
				MTL_FAST_MATH = YES;
				SDKROOT = iphoneos;
				SWIFT_COMPILATION_MODE = wholemodule;
				SWIFT_OPTIMIZATION_LEVEL = "-O";
				VALIDATE_PRODUCT = YES;
			};
			name = Release;
		};
		984C5F7A2A73E87700A2E939 /* Debug */ = {
			isa = XCBuildConfiguration;
			buildSettings = {
				ASSETCATALOG_COMPILER_APPICON_NAME = AppIcon;
				ASSETCATALOG_COMPILER_GLOBAL_ACCENT_COLOR_NAME = AccentColor;
				CODE_SIGN_STYLE = Automatic;
				CURRENT_PROJECT_VERSION = 1;
				DEVELOPMENT_TEAM = KR32HC5V3L;
				GENERATE_INFOPLIST_FILE = YES;
				INFOPLIST_FILE = ImageFeed/Info.plist;
				INFOPLIST_KEY_CFBundleDisplayName = "Image Feed";
				INFOPLIST_KEY_UIApplicationSupportsIndirectInputEvents = YES;
				INFOPLIST_KEY_UILaunchStoryboardName = LaunchScreen;
				INFOPLIST_KEY_UIMainStoryboardFile = Main;
				INFOPLIST_KEY_UIStatusBarStyle = UIStatusBarStyleLightContent;
				INFOPLIST_KEY_UISupportedInterfaceOrientations = UIInterfaceOrientationPortrait;
				INFOPLIST_KEY_UISupportedInterfaceOrientations_iPad = "UIInterfaceOrientationLandscapeLeft UIInterfaceOrientationLandscapeRight UIInterfaceOrientationPortrait UIInterfaceOrientationPortraitUpsideDown";
				IPHONEOS_DEPLOYMENT_TARGET = 13.0;
				LD_RUNPATH_SEARCH_PATHS = (
					"$(inherited)",
					"@executable_path/Frameworks",
				);
				MARKETING_VERSION = 1.0;
				PRODUCT_BUNDLE_IDENTIFIER = ru.believerdreamer.ImageFeed;
				PRODUCT_NAME = "$(TARGET_NAME)";
				SUPPORTED_PLATFORMS = "iphoneos iphonesimulator";
				SUPPORTS_MACCATALYST = NO;
				SUPPORTS_MAC_DESIGNED_FOR_IPHONE_IPAD = YES;
				SWIFT_EMIT_LOC_STRINGS = YES;
				SWIFT_VERSION = 5.0;
				TARGETED_DEVICE_FAMILY = 1;
			};
			name = Debug;
		};
		984C5F7B2A73E87700A2E939 /* Release */ = {
			isa = XCBuildConfiguration;
			buildSettings = {
				ASSETCATALOG_COMPILER_APPICON_NAME = AppIcon;
				ASSETCATALOG_COMPILER_GLOBAL_ACCENT_COLOR_NAME = AccentColor;
				CODE_SIGN_STYLE = Automatic;
				CURRENT_PROJECT_VERSION = 1;
				DEVELOPMENT_TEAM = KR32HC5V3L;
				GENERATE_INFOPLIST_FILE = YES;
				INFOPLIST_FILE = ImageFeed/Info.plist;
				INFOPLIST_KEY_CFBundleDisplayName = "Image Feed";
				INFOPLIST_KEY_UIApplicationSupportsIndirectInputEvents = YES;
				INFOPLIST_KEY_UILaunchStoryboardName = LaunchScreen;
				INFOPLIST_KEY_UIMainStoryboardFile = Main;
				INFOPLIST_KEY_UIStatusBarStyle = UIStatusBarStyleLightContent;
				INFOPLIST_KEY_UISupportedInterfaceOrientations = UIInterfaceOrientationPortrait;
				INFOPLIST_KEY_UISupportedInterfaceOrientations_iPad = "UIInterfaceOrientationLandscapeLeft UIInterfaceOrientationLandscapeRight UIInterfaceOrientationPortrait UIInterfaceOrientationPortraitUpsideDown";
				IPHONEOS_DEPLOYMENT_TARGET = 13.0;
				LD_RUNPATH_SEARCH_PATHS = (
					"$(inherited)",
					"@executable_path/Frameworks",
				);
				MARKETING_VERSION = 1.0;
				PRODUCT_BUNDLE_IDENTIFIER = ru.believerdreamer.ImageFeed;
				PRODUCT_NAME = "$(TARGET_NAME)";
				SUPPORTED_PLATFORMS = "iphoneos iphonesimulator";
				SUPPORTS_MACCATALYST = NO;
				SUPPORTS_MAC_DESIGNED_FOR_IPHONE_IPAD = YES;
				SWIFT_EMIT_LOC_STRINGS = YES;
				SWIFT_VERSION = 5.0;
				TARGETED_DEVICE_FAMILY = 1;
			};
			name = Release;
		};
/* End XCBuildConfiguration section */

/* Begin XCConfigurationList section */
		984C5F602A73E87500A2E939 /* Build configuration list for PBXProject "ImageFeed" */ = {
			isa = XCConfigurationList;
			buildConfigurations = (
				984C5F772A73E87700A2E939 /* Debug */,
				984C5F782A73E87700A2E939 /* Release */,
			);
			defaultConfigurationIsVisible = 0;
			defaultConfigurationName = Release;
		};
		984C5F792A73E87700A2E939 /* Build configuration list for PBXNativeTarget "ImageFeed" */ = {
			isa = XCConfigurationList;
			buildConfigurations = (
				984C5F7A2A73E87700A2E939 /* Debug */,
				984C5F7B2A73E87700A2E939 /* Release */,
			);
			defaultConfigurationIsVisible = 0;
			defaultConfigurationName = Release;
		};
/* End XCConfigurationList section */
	};
	rootObject = 984C5F5D2A73E87500A2E939 /* Project object */;
}
