// !$*UTF8*$!
{
	archiveVersion = 1;
	classes = {
	};
	objectVersion = 56;
	objects = {

/* Begin PBXBuildFile section */
		98099C242BE9088F00D84EB0 /* SwiftKeychainWrapper in Frameworks */ = {isa = PBXBuildFile; productRef = 98099C232BE9088F00D84EB0 /* SwiftKeychainWrapper */; };
		981A0CC22BEE0D96009D9168 /* TabBarController.swift in Sources */ = {isa = PBXBuildFile; fileRef = 981A0CC12BEE0D96009D9168 /* TabBarController.swift */; };
		984055D42C04B1510006F4DC /* WebViewPresenter.swift in Sources */ = {isa = PBXBuildFile; fileRef = 984055D32C04B1510006F4DC /* WebViewPresenter.swift */; };
		984055D62C04C5F60006F4DC /* AuthHelper.swift in Sources */ = {isa = PBXBuildFile; fileRef = 984055D52C04C5F60006F4DC /* AuthHelper.swift */; };
		984055DE2C04CB690006F4DC /* WebViewTests.swift in Sources */ = {isa = PBXBuildFile; fileRef = 984055DD2C04CB680006F4DC /* WebViewTests.swift */; };
		984C5F692A73E87500A2E939 /* AppDelegate.swift in Sources */ = {isa = PBXBuildFile; fileRef = 984C5F682A73E87500A2E939 /* AppDelegate.swift */; };
		984C5F722A73E87700A2E939 /* Assets.xcassets in Resources */ = {isa = PBXBuildFile; fileRef = 984C5F712A73E87700A2E939 /* Assets.xcassets */; };
		984F63452BE547A400F73C52 /* Kingfisher in Frameworks */ = {isa = PBXBuildFile; productRef = 984F63442BE547A400F73C52 /* Kingfisher */; };
		9857032A2BF6AF03004918DA /* ImageListService.swift in Sources */ = {isa = PBXBuildFile; fileRef = 985703292BF6AF03004918DA /* ImageListService.swift */; };
		9896E8EB2BFCD8D90098DD53 /* ProfileLogoutService.swift in Sources */ = {isa = PBXBuildFile; fileRef = 9896E8EA2BFCD8D90098DD53 /* ProfileLogoutService.swift */; };
		98B370092BE3B2C200AAB781 /* ProfileImageService.swift in Sources */ = {isa = PBXBuildFile; fileRef = 98B370082BE3B2C200AAB781 /* ProfileImageService.swift */; };
		98C4A64B2BFF263A006B07FB /* PhotoModel.swift in Sources */ = {isa = PBXBuildFile; fileRef = 98C4A64A2BFF263A006B07FB /* PhotoModel.swift */; };
		98C4A64D2BFF2660006B07FB /* PhotoResultModel.swift in Sources */ = {isa = PBXBuildFile; fileRef = 98C4A64C2BFF2660006B07FB /* PhotoResultModel.swift */; };
		98C4A64F2BFF3432006B07FB /* ProfileImage.swift in Sources */ = {isa = PBXBuildFile; fileRef = 98C4A64E2BFF3432006B07FB /* ProfileImage.swift */; };
		98C4A6512BFF3452006B07FB /* UserResult.swift in Sources */ = {isa = PBXBuildFile; fileRef = 98C4A6502BFF3452006B07FB /* UserResult.swift */; };
		98C4A6532BFF3547006B07FB /* ProfileResult.swift in Sources */ = {isa = PBXBuildFile; fileRef = 98C4A6522BFF3547006B07FB /* ProfileResult.swift */; };
		98CB2F692BCBE873003092B4 /* ProgressHUD in Frameworks */ = {isa = PBXBuildFile; productRef = 98CB2F682BCBE873003092B4 /* ProgressHUD */; };
		98CB35632BDA8A480084841A /* AuthConfiguration.swift in Sources */ = {isa = PBXBuildFile; fileRef = 98CB35492BDA8A480084841A /* AuthConfiguration.swift */; };
		98CB35642BDA8A480084841A /* UIBlockingPorgressHUD.swift in Sources */ = {isa = PBXBuildFile; fileRef = 98CB354A2BDA8A480084841A /* UIBlockingPorgressHUD.swift */; };
		98CB35652BDA8A480084841A /* URLRequest+Extensions.swift in Sources */ = {isa = PBXBuildFile; fileRef = 98CB354B2BDA8A480084841A /* URLRequest+Extensions.swift */; };
		98CB35662BDA8A480084841A /* OAuth2Service.swift in Sources */ = {isa = PBXBuildFile; fileRef = 98CB354D2BDA8A480084841A /* OAuth2Service.swift */; };
		98CB35672BDA8A480084841A /* Oauth2TokenStorage.swift in Sources */ = {isa = PBXBuildFile; fileRef = 98CB354E2BDA8A480084841A /* Oauth2TokenStorage.swift */; };
		98CB35682BDA8A480084841A /* OauthTokenResponseBody.swift in Sources */ = {isa = PBXBuildFile; fileRef = 98CB354F2BDA8A480084841A /* OauthTokenResponseBody.swift */; };
		98CB35692BDA8A480084841A /* ProfileService.swift in Sources */ = {isa = PBXBuildFile; fileRef = 98CB35512BDA8A480084841A /* ProfileService.swift */; };
		98CB356A2BDA8A480084841A /* AuthViewController.swift in Sources */ = {isa = PBXBuildFile; fileRef = 98CB35532BDA8A480084841A /* AuthViewController.swift */; };
		98CB356B2BDA8A480084841A /* WebViewViewController.swift in Sources */ = {isa = PBXBuildFile; fileRef = 98CB35542BDA8A480084841A /* WebViewViewController.swift */; };
		98CB356C2BDA8A480084841A /* ImagesListCell.swift in Sources */ = {isa = PBXBuildFile; fileRef = 98CB35562BDA8A480084841A /* ImagesListCell.swift */; };
		98CB356D2BDA8A480084841A /* ImagesListViewController.swift in Sources */ = {isa = PBXBuildFile; fileRef = 98CB35572BDA8A480084841A /* ImagesListViewController.swift */; };
		98CB356E2BDA8A480084841A /* ProfileViewController.swift in Sources */ = {isa = PBXBuildFile; fileRef = 98CB35592BDA8A480084841A /* ProfileViewController.swift */; };
		98CB356F2BDA8A480084841A /* SingleImageViewController.swift in Sources */ = {isa = PBXBuildFile; fileRef = 98CB355B2BDA8A480084841A /* SingleImageViewController.swift */; };
		98CB35702BDA8A480084841A /* LaunchScreen.storyboard in Resources */ = {isa = PBXBuildFile; fileRef = 98CB355E2BDA8A480084841A /* LaunchScreen.storyboard */; };
		98CB35712BDA8A480084841A /* Main.storyboard in Resources */ = {isa = PBXBuildFile; fileRef = 98CB35602BDA8A480084841A /* Main.storyboard */; };
		98CB35722BDA8A480084841A /* SplashViewController.swift in Sources */ = {isa = PBXBuildFile; fileRef = 98CB35612BDA8A480084841A /* SplashViewController.swift */; };
		98CB35742BDA8A5E0084841A /* SceneDelegate.swift in Sources */ = {isa = PBXBuildFile; fileRef = 98CB35732BDA8A5E0084841A /* SceneDelegate.swift */; };
/* End PBXBuildFile section */

/* Begin PBXContainerItemProxy section */
		984055DF2C04CB690006F4DC /* PBXContainerItemProxy */ = {
			isa = PBXContainerItemProxy;
			containerPortal = 984C5F5D2A73E87500A2E939 /* Project object */;
			proxyType = 1;
			remoteGlobalIDString = 984C5F642A73E87500A2E939;
			remoteInfo = ImageFeed;
		};
/* End PBXContainerItemProxy section */

/* Begin PBXFileReference section */
		981A0CC12BEE0D96009D9168 /* TabBarController.swift */ = {isa = PBXFileReference; lastKnownFileType = sourcecode.swift; path = TabBarController.swift; sourceTree = "<group>"; };
		984055D32C04B1510006F4DC /* WebViewPresenter.swift */ = {isa = PBXFileReference; lastKnownFileType = sourcecode.swift; path = WebViewPresenter.swift; sourceTree = "<group>"; };
		984055D52C04C5F60006F4DC /* AuthHelper.swift */ = {isa = PBXFileReference; lastKnownFileType = sourcecode.swift; path = AuthHelper.swift; sourceTree = "<group>"; };
		984055DB2C04CB680006F4DC /* ImageFeedTests.xctest */ = {isa = PBXFileReference; explicitFileType = wrapper.cfbundle; includeInIndex = 0; path = ImageFeedTests.xctest; sourceTree = BUILT_PRODUCTS_DIR; };
		984055DD2C04CB680006F4DC /* WebViewTests.swift */ = {isa = PBXFileReference; lastKnownFileType = sourcecode.swift; path = WebViewTests.swift; sourceTree = "<group>"; };
		984C5F652A73E87500A2E939 /* ImageFeed.app */ = {isa = PBXFileReference; explicitFileType = wrapper.application; includeInIndex = 0; path = ImageFeed.app; sourceTree = BUILT_PRODUCTS_DIR; };
		984C5F682A73E87500A2E939 /* AppDelegate.swift */ = {isa = PBXFileReference; lastKnownFileType = sourcecode.swift; path = AppDelegate.swift; sourceTree = "<group>"; };
		984C5F712A73E87700A2E939 /* Assets.xcassets */ = {isa = PBXFileReference; lastKnownFileType = folder.assetcatalog; path = Assets.xcassets; sourceTree = "<group>"; };
		984C5F762A73E87700A2E939 /* Info.plist */ = {isa = PBXFileReference; lastKnownFileType = text.plist.xml; path = Info.plist; sourceTree = "<group>"; };
		985703292BF6AF03004918DA /* ImageListService.swift */ = {isa = PBXFileReference; lastKnownFileType = sourcecode.swift; path = ImageListService.swift; sourceTree = "<group>"; };
		9896E8EA2BFCD8D90098DD53 /* ProfileLogoutService.swift */ = {isa = PBXFileReference; lastKnownFileType = sourcecode.swift; path = ProfileLogoutService.swift; sourceTree = "<group>"; };
		98B370082BE3B2C200AAB781 /* ProfileImageService.swift */ = {isa = PBXFileReference; lastKnownFileType = sourcecode.swift; path = ProfileImageService.swift; sourceTree = "<group>"; };
		98C4A64A2BFF263A006B07FB /* PhotoModel.swift */ = {isa = PBXFileReference; lastKnownFileType = sourcecode.swift; path = PhotoModel.swift; sourceTree = "<group>"; };
		98C4A64C2BFF2660006B07FB /* PhotoResultModel.swift */ = {isa = PBXFileReference; lastKnownFileType = sourcecode.swift; path = PhotoResultModel.swift; sourceTree = "<group>"; };
		98C4A64E2BFF3432006B07FB /* ProfileImage.swift */ = {isa = PBXFileReference; lastKnownFileType = sourcecode.swift; path = ProfileImage.swift; sourceTree = "<group>"; };
		98C4A6502BFF3452006B07FB /* UserResult.swift */ = {isa = PBXFileReference; lastKnownFileType = sourcecode.swift; path = UserResult.swift; sourceTree = "<group>"; };
		98C4A6522BFF3547006B07FB /* ProfileResult.swift */ = {isa = PBXFileReference; lastKnownFileType = sourcecode.swift; path = ProfileResult.swift; sourceTree = "<group>"; };
		98CB35492BDA8A480084841A /* AuthConfiguration.swift */ = {isa = PBXFileReference; fileEncoding = 4; lastKnownFileType = sourcecode.swift; path = AuthConfiguration.swift; sourceTree = "<group>"; };
		98CB354A2BDA8A480084841A /* UIBlockingPorgressHUD.swift */ = {isa = PBXFileReference; fileEncoding = 4; lastKnownFileType = sourcecode.swift; path = UIBlockingPorgressHUD.swift; sourceTree = "<group>"; };
		98CB354B2BDA8A480084841A /* URLRequest+Extensions.swift */ = {isa = PBXFileReference; fileEncoding = 4; lastKnownFileType = sourcecode.swift; path = "URLRequest+Extensions.swift"; sourceTree = "<group>"; };
		98CB354D2BDA8A480084841A /* OAuth2Service.swift */ = {isa = PBXFileReference; fileEncoding = 4; lastKnownFileType = sourcecode.swift; path = OAuth2Service.swift; sourceTree = "<group>"; };
		98CB354E2BDA8A480084841A /* Oauth2TokenStorage.swift */ = {isa = PBXFileReference; fileEncoding = 4; lastKnownFileType = sourcecode.swift; path = Oauth2TokenStorage.swift; sourceTree = "<group>"; };
		98CB354F2BDA8A480084841A /* OauthTokenResponseBody.swift */ = {isa = PBXFileReference; fileEncoding = 4; lastKnownFileType = sourcecode.swift; path = OauthTokenResponseBody.swift; sourceTree = "<group>"; };
		98CB35512BDA8A480084841A /* ProfileService.swift */ = {isa = PBXFileReference; fileEncoding = 4; lastKnownFileType = sourcecode.swift; path = ProfileService.swift; sourceTree = "<group>"; };
		98CB35532BDA8A480084841A /* AuthViewController.swift */ = {isa = PBXFileReference; fileEncoding = 4; lastKnownFileType = sourcecode.swift; path = AuthViewController.swift; sourceTree = "<group>"; };
		98CB35542BDA8A480084841A /* WebViewViewController.swift */ = {isa = PBXFileReference; fileEncoding = 4; lastKnownFileType = sourcecode.swift; path = WebViewViewController.swift; sourceTree = "<group>"; };
		98CB35562BDA8A480084841A /* ImagesListCell.swift */ = {isa = PBXFileReference; fileEncoding = 4; lastKnownFileType = sourcecode.swift; path = ImagesListCell.swift; sourceTree = "<group>"; };
		98CB35572BDA8A480084841A /* ImagesListViewController.swift */ = {isa = PBXFileReference; fileEncoding = 4; lastKnownFileType = sourcecode.swift; path = ImagesListViewController.swift; sourceTree = "<group>"; };
		98CB35592BDA8A480084841A /* ProfileViewController.swift */ = {isa = PBXFileReference; fileEncoding = 4; lastKnownFileType = sourcecode.swift; path = ProfileViewController.swift; sourceTree = "<group>"; };
		98CB355B2BDA8A480084841A /* SingleImageViewController.swift */ = {isa = PBXFileReference; fileEncoding = 4; lastKnownFileType = sourcecode.swift; path = SingleImageViewController.swift; sourceTree = "<group>"; };
		98CB355D2BDA8A480084841A /* Base */ = {isa = PBXFileReference; lastKnownFileType = file.storyboard; name = Base; path = Base.lproj/LaunchScreen.storyboard; sourceTree = "<group>"; };
		98CB355F2BDA8A480084841A /* Base */ = {isa = PBXFileReference; lastKnownFileType = file.storyboard; name = Base; path = Base.lproj/Main.storyboard; sourceTree = "<group>"; };
		98CB35612BDA8A480084841A /* SplashViewController.swift */ = {isa = PBXFileReference; fileEncoding = 4; lastKnownFileType = sourcecode.swift; path = SplashViewController.swift; sourceTree = "<group>"; };
		98CB35732BDA8A5E0084841A /* SceneDelegate.swift */ = {isa = PBXFileReference; fileEncoding = 4; lastKnownFileType = sourcecode.swift; path = SceneDelegate.swift; sourceTree = "<group>"; };
/* End PBXFileReference section */

/* Begin PBXFrameworksBuildPhase section */
		984055D82C04CB680006F4DC /* Frameworks */ = {
			isa = PBXFrameworksBuildPhase;
			buildActionMask = 2147483647;
			files = (
			);
			runOnlyForDeploymentPostprocessing = 0;
		};
		984C5F622A73E87500A2E939 /* Frameworks */ = {
			isa = PBXFrameworksBuildPhase;
			buildActionMask = 2147483647;
			files = (
				984F63452BE547A400F73C52 /* Kingfisher in Frameworks */,
				98CB2F692BCBE873003092B4 /* ProgressHUD in Frameworks */,
				98099C242BE9088F00D84EB0 /* SwiftKeychainWrapper in Frameworks */,
			);
			runOnlyForDeploymentPostprocessing = 0;
		};
/* End PBXFrameworksBuildPhase section */

/* Begin PBXGroup section */
		984055DC2C04CB680006F4DC /* ImageFeedTests */ = {
			isa = PBXGroup;
			children = (
				984055DD2C04CB680006F4DC /* WebViewTests.swift */,
			);
			path = ImageFeedTests;
			sourceTree = "<group>";
		};
		984C5F5C2A73E87500A2E939 = {
			isa = PBXGroup;
			children = (
				984C5F672A73E87500A2E939 /* ImageFeed */,
				984055DC2C04CB680006F4DC /* ImageFeedTests */,
				984C5F662A73E87500A2E939 /* Products */,
			);
			sourceTree = "<group>";
		};
		984C5F662A73E87500A2E939 /* Products */ = {
			isa = PBXGroup;
			children = (
				984C5F652A73E87500A2E939 /* ImageFeed.app */,
				984055DB2C04CB680006F4DC /* ImageFeedTests.xctest */,
			);
			name = Products;
			sourceTree = "<group>";
		};
		984C5F672A73E87500A2E939 /* ImageFeed */ = {
			isa = PBXGroup;
			children = (
				98CB354C2BDA8A480084841A /* Helpers */,
				98CB35622BDA8A480084841A /* Presenter */,
				98CB35522BDA8A480084841A /* Services */,
				984C5F682A73E87500A2E939 /* AppDelegate.swift */,
				98CB35492BDA8A480084841A /* AuthConfiguration.swift */,
				98CB35732BDA8A5E0084841A /* SceneDelegate.swift */,
				984C5F762A73E87700A2E939 /* Info.plist */,
				984C5F712A73E87700A2E939 /* Assets.xcassets */,
			);
			path = ImageFeed;
			sourceTree = "<group>";
		};
		9896E8EC2BFCD8E30098DD53 /* Profile */ = {
			isa = PBXGroup;
			children = (
				9896E8EA2BFCD8D90098DD53 /* ProfileLogoutService.swift */,
				98B370082BE3B2C200AAB781 /* ProfileImageService.swift */,
				98C4A6502BFF3452006B07FB /* UserResult.swift */,
				98C4A64E2BFF3432006B07FB /* ProfileImage.swift */,
				98CB35512BDA8A480084841A /* ProfileService.swift */,
				98C4A6522BFF3547006B07FB /* ProfileResult.swift */,
			);
			path = Profile;
			sourceTree = "<group>";
		};
		98B370042BDE60EC00AAB781 /* Storyboards */ = {
			isa = PBXGroup;
			children = (
				98CB35602BDA8A480084841A /* Main.storyboard */,
				98CB355E2BDA8A480084841A /* LaunchScreen.storyboard */,
			);
			path = Storyboards;
			sourceTree = "<group>";
		};
		98CB354C2BDA8A480084841A /* Helpers */ = {
			isa = PBXGroup;
			children = (
				98CB354A2BDA8A480084841A /* UIBlockingPorgressHUD.swift */,
				98CB354B2BDA8A480084841A /* URLRequest+Extensions.swift */,
			);
			path = Helpers;
			sourceTree = "<group>";
		};
		98CB35502BDA8A480084841A /* OAuth */ = {
			isa = PBXGroup;
			children = (
				98CB354D2BDA8A480084841A /* OAuth2Service.swift */,
				98CB354E2BDA8A480084841A /* Oauth2TokenStorage.swift */,
				98CB354F2BDA8A480084841A /* OauthTokenResponseBody.swift */,
			);
			path = OAuth;
			sourceTree = "<group>";
		};
		98CB35522BDA8A480084841A /* Services */ = {
			isa = PBXGroup;
			children = (
				9896E8EC2BFCD8E30098DD53 /* Profile */,
				98CB35502BDA8A480084841A /* OAuth */,
			);
			path = Services;
			sourceTree = "<group>";
		};
		98CB35552BDA8A480084841A /* Auth */ = {
			isa = PBXGroup;
			children = (
				98CB35532BDA8A480084841A /* AuthViewController.swift */,
				98CB35542BDA8A480084841A /* WebViewViewController.swift */,
				984055D32C04B1510006F4DC /* WebViewPresenter.swift */,
				984055D52C04C5F60006F4DC /* AuthHelper.swift */,
			);
			path = Auth;
			sourceTree = "<group>";
		};
		98CB35582BDA8A480084841A /* ImagesLIst */ = {
			isa = PBXGroup;
			children = (
				98CB35562BDA8A480084841A /* ImagesListCell.swift */,
				98CB35572BDA8A480084841A /* ImagesListViewController.swift */,
				985703292BF6AF03004918DA /* ImageListService.swift */,
				98C4A64C2BFF2660006B07FB /* PhotoResultModel.swift */,
				98C4A64A2BFF263A006B07FB /* PhotoModel.swift */,
			);
			path = ImagesLIst;
			sourceTree = "<group>";
		};
		98CB355A2BDA8A480084841A /* Profile */ = {
			isa = PBXGroup;
			children = (
				98CB35592BDA8A480084841A /* ProfileViewController.swift */,
			);
			path = Profile;
			sourceTree = "<group>";
		};
		98CB355C2BDA8A480084841A /* SingleImageView */ = {
			isa = PBXGroup;
			children = (
				98CB355B2BDA8A480084841A /* SingleImageViewController.swift */,
			);
			path = SingleImageView;
			sourceTree = "<group>";
		};
		98CB35622BDA8A480084841A /* Presenter */ = {
			isa = PBXGroup;
			children = (
				981A0CC12BEE0D96009D9168 /* TabBarController.swift */,
				98CB35612BDA8A480084841A /* SplashViewController.swift */,
				98B370042BDE60EC00AAB781 /* Storyboards */,
				98CB35552BDA8A480084841A /* Auth */,
				98CB35582BDA8A480084841A /* ImagesLIst */,
				98CB355A2BDA8A480084841A /* Profile */,
				98CB355C2BDA8A480084841A /* SingleImageView */,
			);
			path = Presenter;
			sourceTree = "<group>";
		};
/* End PBXGroup section */

/* Begin PBXNativeTarget section */
		984055DA2C04CB680006F4DC /* ImageFeedTests */ = {
			isa = PBXNativeTarget;
			buildConfigurationList = 984055E12C04CB690006F4DC /* Build configuration list for PBXNativeTarget "ImageFeedTests" */;
			buildPhases = (
				984055D72C04CB680006F4DC /* Sources */,
				984055D82C04CB680006F4DC /* Frameworks */,
				984055D92C04CB680006F4DC /* Resources */,
			);
			buildRules = (
			);
			dependencies = (
				984055E02C04CB690006F4DC /* PBXTargetDependency */,
			);
			name = ImageFeedTests;
			productName = ImageFeedTests;
			productReference = 984055DB2C04CB680006F4DC /* ImageFeedTests.xctest */;
			productType = "com.apple.product-type.bundle.unit-test";
		};
		984C5F642A73E87500A2E939 /* ImageFeed */ = {
			isa = PBXNativeTarget;
			buildConfigurationList = 984C5F792A73E87700A2E939 /* Build configuration list for PBXNativeTarget "ImageFeed" */;
			buildPhases = (
				984C5F612A73E87500A2E939 /* Sources */,
				984C5F622A73E87500A2E939 /* Frameworks */,
				984C5F632A73E87500A2E939 /* Resources */,
			);
			buildRules = (
			);
			dependencies = (
			);
			name = ImageFeed;
			packageProductDependencies = (
				98CB2F682BCBE873003092B4 /* ProgressHUD */,
				984F63442BE547A400F73C52 /* Kingfisher */,
				98099C232BE9088F00D84EB0 /* SwiftKeychainWrapper */,
			);
			productName = ImageFeed;
			productReference = 984C5F652A73E87500A2E939 /* ImageFeed.app */;
			productType = "com.apple.product-type.application";
		};
/* End PBXNativeTarget section */

/* Begin PBXProject section */
		984C5F5D2A73E87500A2E939 /* Project object */ = {
			isa = PBXProject;
			attributes = {
				BuildIndependentTargetsInParallel = 1;
				LastSwiftUpdateCheck = 1540;
				LastUpgradeCheck = 1540;
				TargetAttributes = {
					984055DA2C04CB680006F4DC = {
						CreatedOnToolsVersion = 15.4;
						TestTargetID = 984C5F642A73E87500A2E939;
					};
					984C5F642A73E87500A2E939 = {
						CreatedOnToolsVersion = 14.3.1;
					};
				};
			};
			buildConfigurationList = 984C5F602A73E87500A2E939 /* Build configuration list for PBXProject "ImageFeed" */;
			compatibilityVersion = "Xcode 14.0";
			developmentRegion = en;
			hasScannedForEncodings = 0;
			knownRegions = (
				en,
				Base,
			);
			mainGroup = 984C5F5C2A73E87500A2E939;
			packageReferences = (
				98CB2F672BCBE873003092B4 /* XCRemoteSwiftPackageReference "ProgressHUD" */,
				984F63432BE547A400F73C52 /* XCRemoteSwiftPackageReference "Kingfisher" */,
				98099C222BE9088F00D84EB0 /* XCRemoteSwiftPackageReference "SwiftKeychainWrapper" */,
			);
			productRefGroup = 984C5F662A73E87500A2E939 /* Products */;
			projectDirPath = "";
			projectRoot = "";
			targets = (
				984C5F642A73E87500A2E939 /* ImageFeed */,
				984055DA2C04CB680006F4DC /* ImageFeedTests */,
			);
		};
/* End PBXProject section */

/* Begin PBXResourcesBuildPhase section */
		984055D92C04CB680006F4DC /* Resources */ = {
			isa = PBXResourcesBuildPhase;
			buildActionMask = 2147483647;
			files = (
			);
			runOnlyForDeploymentPostprocessing = 0;
		};
		984C5F632A73E87500A2E939 /* Resources */ = {
			isa = PBXResourcesBuildPhase;
			buildActionMask = 2147483647;
			files = (
				98CB35712BDA8A480084841A /* Main.storyboard in Resources */,
				984C5F722A73E87700A2E939 /* Assets.xcassets in Resources */,
				98CB35702BDA8A480084841A /* LaunchScreen.storyboard in Resources */,
			);
			runOnlyForDeploymentPostprocessing = 0;
		};
/* End PBXResourcesBuildPhase section */

/* Begin PBXSourcesBuildPhase section */
		984055D72C04CB680006F4DC /* Sources */ = {
			isa = PBXSourcesBuildPhase;
			buildActionMask = 2147483647;
			files = (
				984055DE2C04CB690006F4DC /* WebViewTests.swift in Sources */,
			);
			runOnlyForDeploymentPostprocessing = 0;
		};
		984C5F612A73E87500A2E939 /* Sources */ = {
			isa = PBXSourcesBuildPhase;
			buildActionMask = 2147483647;
			files = (
				984055D42C04B1510006F4DC /* WebViewPresenter.swift in Sources */,
				98CB356B2BDA8A480084841A /* WebViewViewController.swift in Sources */,
				98CB356C2BDA8A480084841A /* ImagesListCell.swift in Sources */,
				98CB35672BDA8A480084841A /* Oauth2TokenStorage.swift in Sources */,
				981A0CC22BEE0D96009D9168 /* TabBarController.swift in Sources */,
				98CB35692BDA8A480084841A /* ProfileService.swift in Sources */,
				98CB35682BDA8A480084841A /* OauthTokenResponseBody.swift in Sources */,
				984C5F692A73E87500A2E939 /* AppDelegate.swift in Sources */,
				984055D62C04C5F60006F4DC /* AuthHelper.swift in Sources */,
				98B370092BE3B2C200AAB781 /* ProfileImageService.swift in Sources */,
				98C4A6532BFF3547006B07FB /* ProfileResult.swift in Sources */,
				98CB356D2BDA8A480084841A /* ImagesListViewController.swift in Sources */,
				98CB35742BDA8A5E0084841A /* SceneDelegate.swift in Sources */,
				98CB35652BDA8A480084841A /* URLRequest+Extensions.swift in Sources */,
				98C4A64D2BFF2660006B07FB /* PhotoResultModel.swift in Sources */,
				98CB35632BDA8A480084841A /* AuthConfiguration.swift in Sources */,
				98CB35722BDA8A480084841A /* SplashViewController.swift in Sources */,
				9896E8EB2BFCD8D90098DD53 /* ProfileLogoutService.swift in Sources */,
				98CB35662BDA8A480084841A /* OAuth2Service.swift in Sources */,
				98CB356F2BDA8A480084841A /* SingleImageViewController.swift in Sources */,
				98C4A6512BFF3452006B07FB /* UserResult.swift in Sources */,
				98CB356E2BDA8A480084841A /* ProfileViewController.swift in Sources */,
				98C4A64F2BFF3432006B07FB /* ProfileImage.swift in Sources */,
				98CB356A2BDA8A480084841A /* AuthViewController.swift in Sources */,
				98C4A64B2BFF263A006B07FB /* PhotoModel.swift in Sources */,
				98CB35642BDA8A480084841A /* UIBlockingPorgressHUD.swift in Sources */,
				9857032A2BF6AF03004918DA /* ImageListService.swift in Sources */,
			);
			runOnlyForDeploymentPostprocessing = 0;
		};
/* End PBXSourcesBuildPhase section */

/* Begin PBXTargetDependency section */
		984055E02C04CB690006F4DC /* PBXTargetDependency */ = {
			isa = PBXTargetDependency;
			target = 984C5F642A73E87500A2E939 /* ImageFeed */;
			targetProxy = 984055DF2C04CB690006F4DC /* PBXContainerItemProxy */;
		};
/* End PBXTargetDependency section */

/* Begin PBXVariantGroup section */
		98CB355E2BDA8A480084841A /* LaunchScreen.storyboard */ = {
			isa = PBXVariantGroup;
			children = (
				98CB355D2BDA8A480084841A /* Base */,
			);
			name = LaunchScreen.storyboard;
			sourceTree = "<group>";
		};
		98CB35602BDA8A480084841A /* Main.storyboard */ = {
			isa = PBXVariantGroup;
			children = (
				98CB355F2BDA8A480084841A /* Base */,
			);
			name = Main.storyboard;
			sourceTree = "<group>";
		};
/* End PBXVariantGroup section */

/* Begin XCBuildConfiguration section */
		984055E22C04CB690006F4DC /* Debug */ = {
			isa = XCBuildConfiguration;
			buildSettings = {
				ASSETCATALOG_COMPILER_GENERATE_SWIFT_ASSET_SYMBOL_EXTENSIONS = YES;
				BUNDLE_LOADER = "$(TEST_HOST)";
				CODE_SIGN_STYLE = Automatic;
				CURRENT_PROJECT_VERSION = 1;
				DEVELOPMENT_TEAM = KR32HC5V3L;
				GCC_C_LANGUAGE_STANDARD = gnu17;
				GENERATE_INFOPLIST_FILE = YES;
				IPHONEOS_DEPLOYMENT_TARGET = 17.5;
				LOCALIZATION_PREFERS_STRING_CATALOGS = YES;
				MARKETING_VERSION = 1.0;
				PRODUCT_BUNDLE_IDENTIFIER = com.arkhipsemenov.ImageFeedTests;
				PRODUCT_NAME = "$(TARGET_NAME)";
				SWIFT_ACTIVE_COMPILATION_CONDITIONS = "DEBUG $(inherited)";
				SWIFT_EMIT_LOC_STRINGS = NO;
				SWIFT_VERSION = 5.0;
				TARGETED_DEVICE_FAMILY = "1,2";
				TEST_HOST = "$(BUILT_PRODUCTS_DIR)/ImageFeed.app/$(BUNDLE_EXECUTABLE_FOLDER_PATH)/ImageFeed";
			};
			name = Debug;
		};
		984055E32C04CB690006F4DC /* Release */ = {
			isa = XCBuildConfiguration;
			buildSettings = {
				ASSETCATALOG_COMPILER_GENERATE_SWIFT_ASSET_SYMBOL_EXTENSIONS = YES;
				BUNDLE_LOADER = "$(TEST_HOST)";
				CODE_SIGN_STYLE = Automatic;
				CURRENT_PROJECT_VERSION = 1;
				DEVELOPMENT_TEAM = KR32HC5V3L;
				GCC_C_LANGUAGE_STANDARD = gnu17;
				GENERATE_INFOPLIST_FILE = YES;
				IPHONEOS_DEPLOYMENT_TARGET = 17.5;
				LOCALIZATION_PREFERS_STRING_CATALOGS = YES;
				MARKETING_VERSION = 1.0;
				PRODUCT_BUNDLE_IDENTIFIER = com.arkhipsemenov.ImageFeedTests;
				PRODUCT_NAME = "$(TARGET_NAME)";
				SWIFT_EMIT_LOC_STRINGS = NO;
				SWIFT_VERSION = 5.0;
				TARGETED_DEVICE_FAMILY = "1,2";
				TEST_HOST = "$(BUILT_PRODUCTS_DIR)/ImageFeed.app/$(BUNDLE_EXECUTABLE_FOLDER_PATH)/ImageFeed";
			};
			name = Release;
		};
		984C5F772A73E87700A2E939 /* Debug */ = {
			isa = XCBuildConfiguration;
			buildSettings = {
				ALWAYS_SEARCH_USER_PATHS = NO;
				CLANG_ANALYZER_NONNULL = YES;
				CLANG_ANALYZER_NUMBER_OBJECT_CONVERSION = YES_AGGRESSIVE;
				CLANG_CXX_LANGUAGE_STANDARD = "gnu++20";
				CLANG_ENABLE_MODULES = YES;
				CLANG_ENABLE_OBJC_ARC = YES;
				CLANG_ENABLE_OBJC_WEAK = YES;
				CLANG_WARN_BLOCK_CAPTURE_AUTORELEASING = YES;
				CLANG_WARN_BOOL_CONVERSION = YES;
				CLANG_WARN_COMMA = YES;
				CLANG_WARN_CONSTANT_CONVERSION = YES;
				CLANG_WARN_DEPRECATED_OBJC_IMPLEMENTATIONS = YES;
				CLANG_WARN_DIRECT_OBJC_ISA_USAGE = YES_ERROR;
				CLANG_WARN_DOCUMENTATION_COMMENTS = YES;
				CLANG_WARN_EMPTY_BODY = YES;
				CLANG_WARN_ENUM_CONVERSION = YES;
				CLANG_WARN_INFINITE_RECURSION = YES;
				CLANG_WARN_INT_CONVERSION = YES;
				CLANG_WARN_NON_LITERAL_NULL_CONVERSION = YES;
				CLANG_WARN_OBJC_IMPLICIT_RETAIN_SELF = YES;
				CLANG_WARN_OBJC_LITERAL_CONVERSION = YES;
				CLANG_WARN_OBJC_ROOT_CLASS = YES_ERROR;
				CLANG_WARN_QUOTED_INCLUDE_IN_FRAMEWORK_HEADER = YES;
				CLANG_WARN_RANGE_LOOP_ANALYSIS = YES;
				CLANG_WARN_STRICT_PROTOTYPES = YES;
				CLANG_WARN_SUSPICIOUS_MOVE = YES;
				CLANG_WARN_UNGUARDED_AVAILABILITY = YES_AGGRESSIVE;
				CLANG_WARN_UNREACHABLE_CODE = YES;
				CLANG_WARN__DUPLICATE_METHOD_MATCH = YES;
				COPY_PHASE_STRIP = NO;
				DEBUG_INFORMATION_FORMAT = dwarf;
				ENABLE_STRICT_OBJC_MSGSEND = YES;
				ENABLE_TESTABILITY = YES;
				ENABLE_USER_SCRIPT_SANDBOXING = YES;
				GCC_C_LANGUAGE_STANDARD = gnu11;
				GCC_DYNAMIC_NO_PIC = NO;
				GCC_NO_COMMON_BLOCKS = YES;
				GCC_OPTIMIZATION_LEVEL = 0;
				GCC_PREPROCESSOR_DEFINITIONS = (
					"DEBUG=1",
					"$(inherited)",
				);
				GCC_WARN_64_TO_32_BIT_CONVERSION = YES;
				GCC_WARN_ABOUT_RETURN_TYPE = YES_ERROR;
				GCC_WARN_UNDECLARED_SELECTOR = YES;
				GCC_WARN_UNINITIALIZED_AUTOS = YES_AGGRESSIVE;
				GCC_WARN_UNUSED_FUNCTION = YES;
				GCC_WARN_UNUSED_VARIABLE = YES;
				IPHONEOS_DEPLOYMENT_TARGET = 16.4;
				MTL_ENABLE_DEBUG_INFO = INCLUDE_SOURCE;
				MTL_FAST_MATH = YES;
				ONLY_ACTIVE_ARCH = YES;
				SDKROOT = iphoneos;
				SWIFT_ACTIVE_COMPILATION_CONDITIONS = DEBUG;
				SWIFT_OPTIMIZATION_LEVEL = "-Onone";
			};
			name = Debug;
		};
		984C5F782A73E87700A2E939 /* Release */ = {
			isa = XCBuildConfiguration;
			buildSettings = {
				ALWAYS_SEARCH_USER_PATHS = NO;
				CLANG_ANALYZER_NONNULL = YES;
				CLANG_ANALYZER_NUMBER_OBJECT_CONVERSION = YES_AGGRESSIVE;
				CLANG_CXX_LANGUAGE_STANDARD = "gnu++20";
				CLANG_ENABLE_MODULES = YES;
				CLANG_ENABLE_OBJC_ARC = YES;
				CLANG_ENABLE_OBJC_WEAK = YES;
				CLANG_WARN_BLOCK_CAPTURE_AUTORELEASING = YES;
				CLANG_WARN_BOOL_CONVERSION = YES;
				CLANG_WARN_COMMA = YES;
				CLANG_WARN_CONSTANT_CONVERSION = YES;
				CLANG_WARN_DEPRECATED_OBJC_IMPLEMENTATIONS = YES;
				CLANG_WARN_DIRECT_OBJC_ISA_USAGE = YES_ERROR;
				CLANG_WARN_DOCUMENTATION_COMMENTS = YES;
				CLANG_WARN_EMPTY_BODY = YES;
				CLANG_WARN_ENUM_CONVERSION = YES;
				CLANG_WARN_INFINITE_RECURSION = YES;
				CLANG_WARN_INT_CONVERSION = YES;
				CLANG_WARN_NON_LITERAL_NULL_CONVERSION = YES;
				CLANG_WARN_OBJC_IMPLICIT_RETAIN_SELF = YES;
				CLANG_WARN_OBJC_LITERAL_CONVERSION = YES;
				CLANG_WARN_OBJC_ROOT_CLASS = YES_ERROR;
				CLANG_WARN_QUOTED_INCLUDE_IN_FRAMEWORK_HEADER = YES;
				CLANG_WARN_RANGE_LOOP_ANALYSIS = YES;
				CLANG_WARN_STRICT_PROTOTYPES = YES;
				CLANG_WARN_SUSPICIOUS_MOVE = YES;
				CLANG_WARN_UNGUARDED_AVAILABILITY = YES_AGGRESSIVE;
				CLANG_WARN_UNREACHABLE_CODE = YES;
				CLANG_WARN__DUPLICATE_METHOD_MATCH = YES;
				COPY_PHASE_STRIP = NO;
				DEBUG_INFORMATION_FORMAT = "dwarf-with-dsym";
				ENABLE_NS_ASSERTIONS = NO;
				ENABLE_STRICT_OBJC_MSGSEND = YES;
				ENABLE_USER_SCRIPT_SANDBOXING = YES;
				GCC_C_LANGUAGE_STANDARD = gnu11;
				GCC_NO_COMMON_BLOCKS = YES;
				GCC_WARN_64_TO_32_BIT_CONVERSION = YES;
				GCC_WARN_ABOUT_RETURN_TYPE = YES_ERROR;
				GCC_WARN_UNDECLARED_SELECTOR = YES;
				GCC_WARN_UNINITIALIZED_AUTOS = YES_AGGRESSIVE;
				GCC_WARN_UNUSED_FUNCTION = YES;
				GCC_WARN_UNUSED_VARIABLE = YES;
				IPHONEOS_DEPLOYMENT_TARGET = 16.4;
				MTL_ENABLE_DEBUG_INFO = NO;
				MTL_FAST_MATH = YES;
				SDKROOT = iphoneos;
				SWIFT_COMPILATION_MODE = wholemodule;
				SWIFT_OPTIMIZATION_LEVEL = "-O";
				VALIDATE_PRODUCT = YES;
			};
			name = Release;
		};
		984C5F7A2A73E87700A2E939 /* Debug */ = {
			isa = XCBuildConfiguration;
			buildSettings = {
				ASSETCATALOG_COMPILER_APPICON_NAME = AppIcon;
				ASSETCATALOG_COMPILER_GLOBAL_ACCENT_COLOR_NAME = AccentColor;
				CODE_SIGN_STYLE = Automatic;
				CURRENT_PROJECT_VERSION = 1;
				DEVELOPMENT_TEAM = KR32HC5V3L;
				GENERATE_INFOPLIST_FILE = YES;
				INFOPLIST_FILE = ImageFeed/Info.plist;
				INFOPLIST_KEY_CFBundleDisplayName = "Image Feed";
				INFOPLIST_KEY_UIApplicationSupportsIndirectInputEvents = YES;
				INFOPLIST_KEY_UILaunchStoryboardName = LaunchScreen;
				INFOPLIST_KEY_UIMainStoryboardFile = Main;
				INFOPLIST_KEY_UIStatusBarStyle = UIStatusBarStyleLightContent;
				INFOPLIST_KEY_UISupportedInterfaceOrientations = UIInterfaceOrientationPortrait;
				INFOPLIST_KEY_UISupportedInterfaceOrientations_iPad = "UIInterfaceOrientationLandscapeLeft UIInterfaceOrientationLandscapeRight UIInterfaceOrientationPortrait UIInterfaceOrientationPortraitUpsideDown";
				IPHONEOS_DEPLOYMENT_TARGET = 13.0;
				LD_RUNPATH_SEARCH_PATHS = (
					"$(inherited)",
					"@executable_path/Frameworks",
				);
				MARKETING_VERSION = 1.0;
				PRODUCT_BUNDLE_IDENTIFIER = ru.believerdreamer.ImageFeed;
				PRODUCT_NAME = "$(TARGET_NAME)";
				SUPPORTED_PLATFORMS = "iphoneos iphonesimulator";
				SUPPORTS_MACCATALYST = NO;
				SUPPORTS_MAC_DESIGNED_FOR_IPHONE_IPAD = YES;
				SWIFT_EMIT_LOC_STRINGS = YES;
				SWIFT_VERSION = 5.0;
				TARGETED_DEVICE_FAMILY = 1;
			};
			name = Debug;
		};
		984C5F7B2A73E87700A2E939 /* Release */ = {
			isa = XCBuildConfiguration;
			buildSettings = {
				ASSETCATALOG_COMPILER_APPICON_NAME = AppIcon;
				ASSETCATALOG_COMPILER_GLOBAL_ACCENT_COLOR_NAME = AccentColor;
				CODE_SIGN_STYLE = Automatic;
				CURRENT_PROJECT_VERSION = 1;
				DEVELOPMENT_TEAM = KR32HC5V3L;
				GENERATE_INFOPLIST_FILE = YES;
				INFOPLIST_FILE = ImageFeed/Info.plist;
				INFOPLIST_KEY_CFBundleDisplayName = "Image Feed";
				INFOPLIST_KEY_UIApplicationSupportsIndirectInputEvents = YES;
				INFOPLIST_KEY_UILaunchStoryboardName = LaunchScreen;
				INFOPLIST_KEY_UIMainStoryboardFile = Main;
				INFOPLIST_KEY_UIStatusBarStyle = UIStatusBarStyleLightContent;
				INFOPLIST_KEY_UISupportedInterfaceOrientations = UIInterfaceOrientationPortrait;
				INFOPLIST_KEY_UISupportedInterfaceOrientations_iPad = "UIInterfaceOrientationLandscapeLeft UIInterfaceOrientationLandscapeRight UIInterfaceOrientationPortrait UIInterfaceOrientationPortraitUpsideDown";
				IPHONEOS_DEPLOYMENT_TARGET = 13.0;
				LD_RUNPATH_SEARCH_PATHS = (
					"$(inherited)",
					"@executable_path/Frameworks",
				);
				MARKETING_VERSION = 1.0;
				PRODUCT_BUNDLE_IDENTIFIER = ru.believerdreamer.ImageFeed;
				PRODUCT_NAME = "$(TARGET_NAME)";
				SUPPORTED_PLATFORMS = "iphoneos iphonesimulator";
				SUPPORTS_MACCATALYST = NO;
				SUPPORTS_MAC_DESIGNED_FOR_IPHONE_IPAD = YES;
				SWIFT_EMIT_LOC_STRINGS = YES;
				SWIFT_VERSION = 5.0;
				TARGETED_DEVICE_FAMILY = 1;
			};
			name = Release;
		};
/* End XCBuildConfiguration section */

/* Begin XCConfigurationList section */
		984055E12C04CB690006F4DC /* Build configuration list for PBXNativeTarget "ImageFeedTests" */ = {
			isa = XCConfigurationList;
			buildConfigurations = (
				984055E22C04CB690006F4DC /* Debug */,
				984055E32C04CB690006F4DC /* Release */,
			);
			defaultConfigurationIsVisible = 0;
			defaultConfigurationName = Release;
		};
		984C5F602A73E87500A2E939 /* Build configuration list for PBXProject "ImageFeed" */ = {
			isa = XCConfigurationList;
			buildConfigurations = (
				984C5F772A73E87700A2E939 /* Debug */,
				984C5F782A73E87700A2E939 /* Release */,
			);
			defaultConfigurationIsVisible = 0;
			defaultConfigurationName = Release;
		};
		984C5F792A73E87700A2E939 /* Build configuration list for PBXNativeTarget "ImageFeed" */ = {
			isa = XCConfigurationList;
			buildConfigurations = (
				984C5F7A2A73E87700A2E939 /* Debug */,
				984C5F7B2A73E87700A2E939 /* Release */,
			);
			defaultConfigurationIsVisible = 0;
			defaultConfigurationName = Release;
		};
/* End XCConfigurationList section */

/* Begin XCRemoteSwiftPackageReference section */
		98099C222BE9088F00D84EB0 /* XCRemoteSwiftPackageReference "SwiftKeychainWrapper" */ = {
			isa = XCRemoteSwiftPackageReference;
			repositoryURL = "https://github.com/jrendel/SwiftKeychainWrapper";
			requirement = {
				kind = upToNextMajorVersion;
				minimumVersion = 4.0.1;
			};
		};
		984F63432BE547A400F73C52 /* XCRemoteSwiftPackageReference "Kingfisher" */ = {
			isa = XCRemoteSwiftPackageReference;
			repositoryURL = "https://github.com/onevcat/Kingfisher";
			requirement = {
				branch = master;
				kind = branch;
			};
		};
		98CB2F672BCBE873003092B4 /* XCRemoteSwiftPackageReference "ProgressHUD" */ = {
			isa = XCRemoteSwiftPackageReference;
			repositoryURL = "https://github.com/relatedcode/ProgressHUD";
			requirement = {
				kind = exactVersion;
				version = 13.6.1;
			};
		};
/* End XCRemoteSwiftPackageReference section */

/* Begin XCSwiftPackageProductDependency section */
		98099C232BE9088F00D84EB0 /* SwiftKeychainWrapper */ = {
			isa = XCSwiftPackageProductDependency;
			package = 98099C222BE9088F00D84EB0 /* XCRemoteSwiftPackageReference "SwiftKeychainWrapper" */;
			productName = SwiftKeychainWrapper;
		};
		984F63442BE547A400F73C52 /* Kingfisher */ = {
			isa = XCSwiftPackageProductDependency;
			package = 984F63432BE547A400F73C52 /* XCRemoteSwiftPackageReference "Kingfisher" */;
			productName = Kingfisher;
		};
		98CB2F682BCBE873003092B4 /* ProgressHUD */ = {
			isa = XCSwiftPackageProductDependency;
			package = 98CB2F672BCBE873003092B4 /* XCRemoteSwiftPackageReference "ProgressHUD" */;
			productName = ProgressHUD;
		};
/* End XCSwiftPackageProductDependency section */
	};
	rootObject = 984C5F5D2A73E87500A2E939 /* Project object */;
}
